{
  "name": "wsun-adaptor-mock",
  "version": "0.1.0",
  "lockfileVersion": 2,
  "requires": true,
  "packages": {
    "": {
      "version": "0.1.0",
      "license": "MIT",
      "dependencies": {
        "@serialport/binding-mock": "^9.2.4",
        "@serialport/stream": "^9.2.4",
        "debug": "^4.3.1"
      },
      "devDependencies": {
        "@types/debug": "^4.1.5",
        "@types/node": "^14.14.31",
        "typescript": "^4.2.2"
      }
    },
    "node_modules/@serialport/binding-abstract": {
      "version": "9.2.3",
      "resolved": "https://registry.npmjs.org/@serialport/binding-abstract/-/binding-abstract-9.2.3.tgz",
      "integrity": "sha512-cQs9tbIlG3P0IrOWyVirqlhWuJ7Ms2Zh9m2108z6Y5UW/iVj6wEOiW8EmK9QX9jmJXYllE7wgGgvVozP5oCj3w==",
      "dependencies": {
        "debug": "^4.3.2"
      },
      "engines": {
        "node": ">=10.0.0"
      },
      "funding": {
        "url": "https://opencollective.com/serialport/donate"
      }
    },
    "node_modules/@serialport/binding-mock": {
      "version": "9.2.4",
      "resolved": "https://registry.npmjs.org/@serialport/binding-mock/-/binding-mock-9.2.4.tgz",
      "integrity": "sha512-dpEhACCs44oQhh6ajJfJdvQdK38Vq0N4W6iD/gdplglDCK7qXRQCMUjJIeKdS/HSEiWkC3bwumUhUufdsOyT4g==",
      "dependencies": {
        "@serialport/binding-abstract": "9.2.3",
        "debug": "^4.3.2"
      },
      "engines": {
        "node": ">=10.0.0"
      },
      "funding": {
        "url": "https://opencollective.com/serialport/donate"
      }
    },
    "node_modules/@serialport/stream": {
      "version": "9.2.4",
      "resolved": "https://registry.npmjs.org/@serialport/stream/-/stream-9.2.4.tgz",
      "integrity": "sha512-bLye8Ub4vUFQGmkh8qEqehr7SE7EJs2yDs0h9jzuL5oKi+F34CFmWkEErO8GAOQ8YNn7p6b3GxUgs+0BrHHDZQ==",
      "dependencies": {
        "debug": "^4.3.2"
      },
      "engines": {
        "node": ">=10.0.0"
      },
      "funding": {
        "url": "https://opencollective.com/serialport/donate"
      }
    },
    "node_modules/@types/debug": {
      "version": "4.1.7",
      "resolved": "https://registry.npmjs.org/@types/debug/-/debug-4.1.7.tgz",
      "integrity": "sha512-9AonUzyTjXXhEOa0DnqpzZi6VHlqKMswga9EXjpXnnqxwLtdvPPtlO8evrI5D9S6asFRCQ6v+wpiUKbw+vKqyg==",
      "dev": true,
      "dependencies": {
        "@types/ms": "*"
      }
    },
    "node_modules/@types/ms": {
      "version": "0.7.31",
      "resolved": "https://registry.npmjs.org/@types/ms/-/ms-0.7.31.tgz",
      "integrity": "sha512-iiUgKzV9AuaEkZqkOLDIvlQiL6ltuZd9tGcW3gwpnX8JbuiuhFlEGmmFXEXkN50Cvq7Os88IY2v0dkDqXYWVgA==",
      "dev": true
    },
    "node_modules/@types/node": {
      "version": "14.17.29",
      "resolved": "https://registry.npmjs.org/@types/node/-/node-14.17.29.tgz",
      "integrity": "sha512-sd4CHI9eTJXTH2vF3RGtGkqvWRwhsSSUFsXD4oG38GZzSZ0tNPbWikd2AbOAcKxCXhOg57fL8FPxjpfSzb2pIQ==",
      "dev": true
    },
    "node_modules/debug": {
      "version": "4.3.2",
      "resolved": "https://registry.npmjs.org/debug/-/debug-4.3.2.tgz",
      "integrity": "sha512-mOp8wKcvj7XxC78zLgw/ZA+6TSgkoE2C/ienthhRD298T7UNwAg9diBpLRxC0mOezLl4B0xV7M0cCO6P/O0Xhw==",
      "dependencies": {
        "ms": "2.1.2"
      },
      "engines": {
        "node": ">=6.0"
      },
      "peerDependenciesMeta": {
        "supports-color": {
          "optional": true
        }
      }
    },
    "node_modules/ms": {
      "version": "2.1.2",
      "resolved": "https://registry.npmjs.org/ms/-/ms-2.1.2.tgz",
      "integrity": "sha512-sGkPx+VjMtmA6MX27oA4FBFELFCZZ4S4XqeGOXCv68tT+jb3vk/RyaKWP0PTKyWtmLSM0b+adUTEvbs1PEaH2w=="
    },
    "node_modules/typescript": {
      "version": "4.4.4",
      "resolved": "https://registry.npmjs.org/typescript/-/typescript-4.4.4.tgz",
      "integrity": "sha512-DqGhF5IKoBl8WNf8C1gu8q0xZSInh9j1kJJMqT3a94w1JzVaBU4EXOSMrz9yDqMT0xt3selp83fuFMQ0uzv6qA==",
      "dev": true,
      "bin": {
        "tsc": "bin/tsc",
        "tsserver": "bin/tsserver"
      },
      "engines": {
        "node": ">=4.2.0"
      }
    }
  },
  "dependencies": {
    "@serialport/binding-abstract": {
      "version": "9.2.3",
      "resolved": "https://registry.npmjs.org/@serialport/binding-abstract/-/binding-abstract-9.2.3.tgz",
      "integrity": "sha512-cQs9tbIlG3P0IrOWyVirqlhWuJ7Ms2Zh9m2108z6Y5UW/iVj6wEOiW8EmK9QX9jmJXYllE7wgGgvVozP5oCj3w==",
      "requires": {
        "debug": "^4.3.2"
      }
    },
    "@serialport/binding-mock": {
      "version": "9.2.4",
      "resolved": "https://registry.npmjs.org/@serialport/binding-mock/-/binding-mock-9.2.4.tgz",
      "integrity": "sha512-dpEhACCs44oQhh6ajJfJdvQdK38Vq0N4W6iD/gdplglDCK7qXRQCMUjJIeKdS/HSEiWkC3bwumUhUufdsOyT4g==",
      "requires": {
        "@serialport/binding-abstract": "9.2.3",
        "debug": "^4.3.2"
      }
    },
    "@serialport/stream": {
      "version": "9.2.4",
      "resolved": "https://registry.npmjs.org/@serialport/stream/-/stream-9.2.4.tgz",
      "integrity": "sha512-bLye8Ub4vUFQGmkh8qEqehr7SE7EJs2yDs0h9jzuL5oKi+F34CFmWkEErO8GAOQ8YNn7p6b3GxUgs+0BrHHDZQ==",
      "requires": {
        "debug": "^4.3.2"
      }
    },
    "@types/debug": {
      "version": "4.1.7",
      "resolved": "https://registry.npmjs.org/@types/debug/-/debug-4.1.7.tgz",
      "integrity": "sha512-9AonUzyTjXXhEOa0DnqpzZi6VHlqKMswga9EXjpXnnqxwLtdvPPtlO8evrI5D9S6asFRCQ6v+wpiUKbw+vKqyg==",
      "dev": true,
      "requires": {
        "@types/ms": "*"
      }
    },
    "@types/ms": {
      "version": "0.7.31",
      "resolved": "https://registry.npmjs.org/@types/ms/-/ms-0.7.31.tgz",
      "integrity": "sha512-iiUgKzV9AuaEkZqkOLDIvlQiL6ltuZd9tGcW3gwpnX8JbuiuhFlEGmmFXEXkN50Cvq7Os88IY2v0dkDqXYWVgA==",
      "dev": true
    },
    "@types/node": {
      "version": "14.17.29",
      "resolved": "https://registry.npmjs.org/@types/node/-/node-14.17.29.tgz",
      "integrity": "sha512-sd4CHI9eTJXTH2vF3RGtGkqvWRwhsSSUFsXD4oG38GZzSZ0tNPbWikd2AbOAcKxCXhOg57fL8FPxjpfSzb2pIQ==",
      "dev": true
    },
    "debug": {
      "version": "4.3.2",
      "resolved": "https://registry.npmjs.org/debug/-/debug-4.3.2.tgz",
      "integrity": "sha512-mOp8wKcvj7XxC78zLgw/ZA+6TSgkoE2C/ienthhRD298T7UNwAg9diBpLRxC0mOezLl4B0xV7M0cCO6P/O0Xhw==",
      "requires": {
        "ms": "2.1.2"
      }
    },
    "ms": {
      "version": "2.1.2",
      "resolved": "https://registry.npmjs.org/ms/-/ms-2.1.2.tgz",
      "integrity": "sha512-sGkPx+VjMtmA6MX27oA4FBFELFCZZ4S4XqeGOXCv68tT+jb3vk/RyaKWP0PTKyWtmLSM0b+adUTEvbs1PEaH2w=="
    },
    "typescript": {
      "version": "4.4.4",
      "resolved": "https://registry.npmjs.org/typescript/-/typescript-4.4.4.tgz",
      "integrity": "sha512-DqGhF5IKoBl8WNf8C1gu8q0xZSInh9j1kJJMqT3a94w1JzVaBU4EXOSMrz9yDqMT0xt3selp83fuFMQ0uzv6qA==",
      "dev": true
    }
  }
}
